
Microsoft Visual Studio Solution File, Format Version 12.00
# Visual Studio Version 17
VisualStudioVersion = 17.11.35431.28
MinimumVisualStudioVersion = 10.0.40219.1
Project("{FAE04EC0-301F-11D3-BF4B-00C04F79EFBC}") = "VideoTelegramBot", "VideoTelegramBot\VideoTelegramBot.csproj", "{D6E15665-7DBA-4713-AF8E-F6BD0992AC7E}"
EndProject
Global
	GlobalSection(SolutionConfigurationPlatforms) = preSolution
		Debug|Any CPU = Debug|Any CPU
		Release|Any CPU = Release|Any CPU
	EndGlobalSection
	GlobalSection(ProjectConfigurationPlatforms) = postSolution
		{D6E15665-7DBA-4713-AF8E-F6BD0992AC7E}.Debug|Any CPU.ActiveCfg = Debug|Any CPU
		{D6E15665-7DBA-4713-AF8E-F6BD0992AC7E}.Debug|Any CPU.Build.0 = Debug|Any CPU
		{D6E15665-7DBA-4713-AF8E-F6BD0992AC7E}.Release|Any CPU.ActiveCfg = Release|Any CPU
		{D6E15665-7DBA-4713-AF8E-F6BD0992AC7E}.Release|Any CPU.Build.0 = Release|Any CPU
	EndGlobalSection
	GlobalSection(SolutionProperties) = preSolution
		HideSolutionNode = FALSE
	EndGlobalSection
	GlobalSection(ExtensibilityGlobals) = postSolution
		SolutionGuid = {477A8EE0-27C0-4D83-BA62-B55006D75A92}
	EndGlobalSection
EndGlobal
